Microsoft Visual Studio Solution File, Format Version 11.00
# Visual Studio 2008

Project("{27E6EB75-8270-A2CD-644B-2F73B4EC4C12}") = "aiprojectv1.2", "Assembly-CSharp.csproj", "{A3C6629D-A1A1-F3DA-E63B-0A2F2D3A7ACD}"
EndProject
Global
	GlobalSection(SolutionConfigurationPlatforms) = preSolution
		Debug|Any CPU = Debug|Any CPU
		Release|Any CPU = Release|Any CPU
	EndGlobalSection
	GlobalSection(ProjectConfigurationPlatforms) = postSolution
		{A3C6629D-A1A1-F3DA-E63B-0A2F2D3A7ACD}.Debug|Any CPU.ActiveCfg = Debug|Any CPU
		{A3C6629D-A1A1-F3DA-E63B-0A2F2D3A7ACD}.Debug|Any CPU.Build.0 = Debug|Any CPU
		{A3C6629D-A1A1-F3DA-E63B-0A2F2D3A7ACD}.Release|Any CPU.ActiveCfg = Release|Any CPU
		{A3C6629D-A1A1-F3DA-E63B-0A2F2D3A7ACD}.Release|Any CPU.Build.0 = Release|Any CPU
	EndGlobalSection
	GlobalSection(SolutionProperties) = preSolution
		HideSolutionNode = FALSE
	EndGlobalSection
	GlobalSection(MonoDevelopProperties) = preSolution
		StartupItem = Assembly-CSharp.csproj
	EndGlobalSection
EndGlobal
