Microsoft Visual Studio Solution File, Format Version 11.00
# Visual Studio 2008

Project("{F75B062F-136E-27B4-535B-F7D4C8D3A770}") = "aiprojectv1.3", "Assembly-CSharp.csproj", "{DFFAF2A5-89FE-EC9F-31C1-0213D1CCC8A6}"
EndProject
Global
	GlobalSection(SolutionConfigurationPlatforms) = preSolution
		Debug|Any CPU = Debug|Any CPU
		Release|Any CPU = Release|Any CPU
	EndGlobalSection
	GlobalSection(ProjectConfigurationPlatforms) = postSolution
		{DFFAF2A5-89FE-EC9F-31C1-0213D1CCC8A6}.Debug|Any CPU.ActiveCfg = Debug|Any CPU
		{DFFAF2A5-89FE-EC9F-31C1-0213D1CCC8A6}.Debug|Any CPU.Build.0 = Debug|Any CPU
		{DFFAF2A5-89FE-EC9F-31C1-0213D1CCC8A6}.Release|Any CPU.ActiveCfg = Release|Any CPU
		{DFFAF2A5-89FE-EC9F-31C1-0213D1CCC8A6}.Release|Any CPU.Build.0 = Release|Any CPU
	EndGlobalSection
	GlobalSection(SolutionProperties) = preSolution
		HideSolutionNode = FALSE
	EndGlobalSection
	GlobalSection(MonoDevelopProperties) = preSolution
		StartupItem = Assembly-CSharp.csproj
	EndGlobalSection
EndGlobal
